
Microsoft Visual Studio Solution File, Format Version 12.00
# Visual Studio Version 17
VisualStudioVersion = 17.5.002.0
MinimumVisualStudioVersion = 10.0.40219.1
Project("{9A19103F-16F7-4668-BE54-9A1E7A4F7556}") = "controlflow", "controlflow.csproj", "{9ED8A075-EB45-4EA9-B08B-AAC9A2AC3FEC}"
EndProject
Global
	GlobalSection(SolutionConfigurationPlatforms) = preSolution
		Debug|Any CPU = Debug|Any CPU
		Release|Any CPU = Release|Any CPU
	EndGlobalSection
	GlobalSection(ProjectConfigurationPlatforms) = postSolution
		{9ED8A075-EB45-4EA9-B08B-AAC9A2AC3FEC}.Debug|Any CPU.ActiveCfg = Debug|Any CPU
		{9ED8A075-EB45-4EA9-B08B-AAC9A2AC3FEC}.Debug|Any CPU.Build.0 = Debug|Any CPU
		{9ED8A075-EB45-4EA9-B08B-AAC9A2AC3FEC}.Release|Any CPU.ActiveCfg = Release|Any CPU
		{9ED8A075-EB45-4EA9-B08B-AAC9A2AC3FEC}.Release|Any CPU.Build.0 = Release|Any CPU
	EndGlobalSection
	GlobalSection(SolutionProperties) = preSolution
		HideSolutionNode = FALSE
	EndGlobalSection
	GlobalSection(ExtensibilityGlobals) = postSolution
		SolutionGuid = {66BA2D73-216B-4177-858A-2838298644A5}
	EndGlobalSection
EndGlobal
