
Microsoft Visual Studio Solution File, Format Version 12.00
# Visual Studio Version 17
VisualStudioVersion = 17.5.002.0
MinimumVisualStudioVersion = 10.0.40219.1
Project("{9A19103F-16F7-4668-BE54-9A1E7A4F7556}") = "07-methods-and-params", "07-methods-and-params.csproj", "{15951C5B-39FC-4EFF-ABAA-8B763ECC1C47}"
EndProject
Global
	GlobalSection(SolutionConfigurationPlatforms) = preSolution
		Debug|Any CPU = Debug|Any CPU
		Release|Any CPU = Release|Any CPU
	EndGlobalSection
	GlobalSection(ProjectConfigurationPlatforms) = postSolution
		{15951C5B-39FC-4EFF-ABAA-8B763ECC1C47}.Debug|Any CPU.ActiveCfg = Debug|Any CPU
		{15951C5B-39FC-4EFF-ABAA-8B763ECC1C47}.Debug|Any CPU.Build.0 = Debug|Any CPU
		{15951C5B-39FC-4EFF-ABAA-8B763ECC1C47}.Release|Any CPU.ActiveCfg = Release|Any CPU
		{15951C5B-39FC-4EFF-ABAA-8B763ECC1C47}.Release|Any CPU.Build.0 = Release|Any CPU
	EndGlobalSection
	GlobalSection(SolutionProperties) = preSolution
		HideSolutionNode = FALSE
	EndGlobalSection
	GlobalSection(ExtensibilityGlobals) = postSolution
		SolutionGuid = {FE904E37-A0C4-47E1-896E-191F02684CD2}
	EndGlobalSection
EndGlobal
