
Microsoft Visual Studio Solution File, Format Version 12.00
# Visual Studio Version 17
VisualStudioVersion = 17.5.002.0
MinimumVisualStudioVersion = 10.0.40219.1
Project("{9A19103F-16F7-4668-BE54-9A1E7A4F7556}") = "08-documenting-code", "08-documenting-code.csproj", "{16C86AE7-24E6-4D0D-9643-D069CA0296F6}"
EndProject
Global
	GlobalSection(SolutionConfigurationPlatforms) = preSolution
		Debug|Any CPU = Debug|Any CPU
		Release|Any CPU = Release|Any CPU
	EndGlobalSection
	GlobalSection(ProjectConfigurationPlatforms) = postSolution
		{16C86AE7-24E6-4D0D-9643-D069CA0296F6}.Debug|Any CPU.ActiveCfg = Debug|Any CPU
		{16C86AE7-24E6-4D0D-9643-D069CA0296F6}.Debug|Any CPU.Build.0 = Debug|Any CPU
		{16C86AE7-24E6-4D0D-9643-D069CA0296F6}.Release|Any CPU.ActiveCfg = Release|Any CPU
		{16C86AE7-24E6-4D0D-9643-D069CA0296F6}.Release|Any CPU.Build.0 = Release|Any CPU
	EndGlobalSection
	GlobalSection(SolutionProperties) = preSolution
		HideSolutionNode = FALSE
	EndGlobalSection
	GlobalSection(ExtensibilityGlobals) = postSolution
		SolutionGuid = {F6515792-F8A5-42DB-B311-D62DA91DA604}
	EndGlobalSection
EndGlobal
